// !$*UTF8*$!
{
	archiveVersion = 1;
	classes = {
	};
	objectVersion = 50;
	objects = {

/* Begin PBXBuildFile section */
		3B22ED2F215DCF7900075AFE /* AppDelegate.swift in Sources */ = {isa = PBXBuildFile; fileRef = 3B22ED2E215DCF7900075AFE /* AppDelegate.swift */; };
		3B22ED34215DCF7900075AFE /* Main.storyboard in Resources */ = {isa = PBXBuildFile; fileRef = 3B22ED32215DCF7900075AFE /* Main.storyboard */; };
		3B22ED36215DCF7A00075AFE /* Assets.xcassets in Resources */ = {isa = PBXBuildFile; fileRef = 3B22ED35215DCF7A00075AFE /* Assets.xcassets */; };
		3B22ED39215DCF7A00075AFE /* LaunchScreen.storyboard in Resources */ = {isa = PBXBuildFile; fileRef = 3B22ED37215DCF7A00075AFE /* LaunchScreen.storyboard */; };
		3B22ED41215DD12A00075AFE /* ViewController.swift in Sources */ = {isa = PBXBuildFile; fileRef = 3B22ED40215DD12A00075AFE /* ViewController.swift */; };
		717FE6A3215ED12000824A4B /* GameViewController.swift in Sources */ = {isa = PBXBuildFile; fileRef = 717FE6A2215ED12000824A4B /* GameViewController.swift */; };
		717FE6A7215ED3B100824A4B /* GameScene.swift in Sources */ = {isa = PBXBuildFile; fileRef = 717FE6A6215ED3B100824A4B /* GameScene.swift */; };
/* End PBXBuildFile section */

/* Begin PBXFileReference section */
		3B22ED2B215DCF7900075AFE /* assignmentthree.app */ = {isa = PBXFileReference; explicitFileType = wrapper.application; includeInIndex = 0; path = assignmentthree.app; sourceTree = BUILT_PRODUCTS_DIR; };
		3B22ED2E215DCF7900075AFE /* AppDelegate.swift */ = {isa = PBXFileReference; lastKnownFileType = sourcecode.swift; path = AppDelegate.swift; sourceTree = "<group>"; };
		3B22ED33215DCF7900075AFE /* Base */ = {isa = PBXFileReference; lastKnownFileType = file.storyboard; name = Base; path = Base.lproj/Main.storyboard; sourceTree = "<group>"; };
		3B22ED35215DCF7A00075AFE /* Assets.xcassets */ = {isa = PBXFileReference; lastKnownFileType = folder.assetcatalog; path = Assets.xcassets; sourceTree = "<group>"; };
		3B22ED38215DCF7A00075AFE /* Base */ = {isa = PBXFileReference; lastKnownFileType = file.storyboard; name = Base; path = Base.lproj/LaunchScreen.storyboard; sourceTree = "<group>"; };
		3B22ED3A215DCF7A00075AFE /* Info.plist */ = {isa = PBXFileReference; lastKnownFileType = text.plist.xml; path = Info.plist; sourceTree = "<group>"; };
		3B22ED40215DD12A00075AFE /* ViewController.swift */ = {isa = PBXFileReference; fileEncoding = 4; lastKnownFileType = sourcecode.swift; path = ViewController.swift; sourceTree = "<group>"; };
		717FE6A2215ED12000824A4B /* GameViewController.swift */ = {isa = PBXFileReference; lastKnownFileType = sourcecode.swift; path = GameViewController.swift; sourceTree = "<group>"; };
		717FE6A6215ED3B100824A4B /* GameScene.swift */ = {isa = PBXFileReference; lastKnownFileType = sourcecode.swift; path = GameScene.swift; sourceTree = "<group>"; };
/* End PBXFileReference section */

/* Begin PBXFrameworksBuildPhase section */
		3B22ED28215DCF7900075AFE /* Frameworks */ = {
			isa = PBXFrameworksBuildPhase;
			buildActionMask = 2147483647;
			files = (
			);
			runOnlyForDeploymentPostprocessing = 0;
		};
/* End PBXFrameworksBuildPhase section */

/* Begin PBXGroup section */
		3B22ED22215DCF7900075AFE = {
			isa = PBXGroup;
			children = (
				3B22ED2D215DCF7900075AFE /* assignmentthree */,
				3B22ED2C215DCF7900075AFE /* Products */,
			);
			sourceTree = "<group>";
		};
		3B22ED2C215DCF7900075AFE /* Products */ = {
			isa = PBXGroup;
			children = (
				3B22ED2B215DCF7900075AFE /* assignmentthree.app */,
			);
			name = Products;
			sourceTree = "<group>";
		};
		3B22ED2D215DCF7900075AFE /* assignmentthree */ = {
			isa = PBXGroup;
			children = (
				3B22ED40215DD12A00075AFE /* ViewController.swift */,
				717FE6A2215ED12000824A4B /* GameViewController.swift */,
				717FE6A6215ED3B100824A4B /* GameScene.swift */,
				3B22ED2E215DCF7900075AFE /* AppDelegate.swift */,
				3B22ED32215DCF7900075AFE /* Main.storyboard */,
				3B22ED35215DCF7A00075AFE /* Assets.xcassets */,
				3B22ED37215DCF7A00075AFE /* LaunchScreen.storyboard */,
				3B22ED3A215DCF7A00075AFE /* Info.plist */,
			);
			path = assignmentthree;
			sourceTree = "<group>";
		};
/* End PBXGroup section */

/* Begin PBXNativeTarget section */
		3B22ED2A215DCF7900075AFE /* assignmentthree */ = {
			isa = PBXNativeTarget;
			buildConfigurationList = 3B22ED3D215DCF7A00075AFE /* Build configuration list for PBXNativeTarget "assignmentthree" */;
			buildPhases = (
				3B22ED27215DCF7900075AFE /* Sources */,
				3B22ED28215DCF7900075AFE /* Frameworks */,
				3B22ED29215DCF7900075AFE /* Resources */,
			);
			buildRules = (
			);
			dependencies = (
			);
			name = assignmentthree;
			productName = assignmentthree;
			productReference = 3B22ED2B215DCF7900075AFE /* assignmentthree.app */;
			productType = "com.apple.product-type.application";
		};
/* End PBXNativeTarget section */

/* Begin PBXProject section */
		3B22ED23215DCF7900075AFE /* Project object */ = {
			isa = PBXProject;
			attributes = {
				LastSwiftUpdateCheck = 1000;
				LastUpgradeCheck = 1000;
				ORGANIZATIONNAME = "Rocky Leo";
				TargetAttributes = {
					3B22ED2A215DCF7900075AFE = {
						CreatedOnToolsVersion = 10.0;
					};
				};
			};
			buildConfigurationList = 3B22ED26215DCF7900075AFE /* Build configuration list for PBXProject "assignmentthree" */;
			compatibilityVersion = "Xcode 9.3";
			developmentRegion = en;
			hasScannedForEncodings = 0;
			knownRegions = (
				en,
				Base,
			);
			mainGroup = 3B22ED22215DCF7900075AFE;
			productRefGroup = 3B22ED2C215DCF7900075AFE /* Products */;
			projectDirPath = "";
			projectRoot = "";
			targets = (
				3B22ED2A215DCF7900075AFE /* assignmentthree */,
			);
		};
/* End PBXProject section */

/* Begin PBXResourcesBuildPhase section */
		3B22ED29215DCF7900075AFE /* Resources */ = {
			isa = PBXResourcesBuildPhase;
			buildActionMask = 2147483647;
			files = (
				3B22ED39215DCF7A00075AFE /* LaunchScreen.storyboard in Resources */,
				3B22ED36215DCF7A00075AFE /* Assets.xcassets in Resources */,
				3B22ED34215DCF7900075AFE /* Main.storyboard in Resources */,
			);
			runOnlyForDeploymentPostprocessing = 0;
		};
/* End PBXResourcesBuildPhase section */

/* Begin PBXSourcesBuildPhase section */
		3B22ED27215DCF7900075AFE /* Sources */ = {
			isa = PBXSourcesBuildPhase;
			buildActionMask = 2147483647;
			files = (
				3B22ED41215DD12A00075AFE /* ViewController.swift in Sources */,
				717FE6A3215ED12000824A4B /* GameViewController.swift in Sources */,
				717FE6A7215ED3B100824A4B /* GameScene.swift in Sources */,
				3B22ED2F215DCF7900075AFE /* AppDelegate.swift in Sources */,
			);
			runOnlyForDeploymentPostprocessing = 0;
		};
/* End PBXSourcesBuildPhase section */

/* Begin PBXVariantGroup section */
		3B22ED32215DCF7900075AFE /* Main.storyboard */ = {
			isa = PBXVariantGroup;
			children = (
				3B22ED33215DCF7900075AFE /* Base */,
			);
			name = Main.storyboard;
			sourceTree = "<group>";
		};
		3B22ED37215DCF7A00075AFE /* LaunchScreen.storyboard */ = {
			isa = PBXVariantGroup;
			children = (
				3B22ED38215DCF7A00075AFE /* Base */,
			);
			name = LaunchScreen.storyboard;
			sourceTree = "<group>";
		};
/* End PBXVariantGroup section */

/* Begin XCBuildConfiguration section */
		3B22ED3B215DCF7A00075AFE /* Debug */ = {
			isa = XCBuildConfiguration;
			buildSettings = {
				ALWAYS_SEARCH_USER_PATHS = NO;
				CLANG_ANALYZER_NONNULL = YES;
				CLANG_ANALYZER_NUMBER_OBJECT_CONVERSION = YES_AGGRESSIVE;
				CLANG_CXX_LANGUAGE_STANDARD = "gnu++14";
				CLANG_CXX_LIBRARY = "libc++";
				CLANG_ENABLE_MODULES = YES;
				CLANG_ENABLE_OBJC_ARC = YES;
				CLANG_ENABLE_OBJC_WEAK = YES;
				CLANG_WARN_BLOCK_CAPTURE_AUTORELEASING = YES;
				CLANG_WARN_BOOL_CONVERSION = YES;
				CLANG_WARN_COMMA = YES;
				CLANG_WARN_CONSTANT_CONVERSION = YES;
				CLANG_WARN_DEPRECATED_OBJC_IMPLEMENTATIONS = YES;
				CLANG_WARN_DIRECT_OBJC_ISA_USAGE = YES_ERROR;
				CLANG_WARN_DOCUMENTATION_COMMENTS = YES;
				CLANG_WARN_EMPTY_BODY = YES;
				CLANG_WARN_ENUM_CONVERSION = YES;
				CLANG_WARN_INFINITE_RECURSION = YES;
				CLANG_WARN_INT_CONVERSION = YES;
				CLANG_WARN_NON_LITERAL_NULL_CONVERSION = YES;
				CLANG_WARN_OBJC_IMPLICIT_RETAIN_SELF = YES;
				CLANG_WARN_OBJC_LITERAL_CONVERSION = YES;
				CLANG_WARN_OBJC_ROOT_CLASS = YES_ERROR;
				CLANG_WARN_RANGE_LOOP_ANALYSIS = YES;
				CLANG_WARN_STRICT_PROTOTYPES = YES;
				CLANG_WARN_SUSPICIOUS_MOVE = YES;
				CLANG_WARN_UNGUARDED_AVAILABILITY = YES_AGGRESSIVE;
				CLANG_WARN_UNREACHABLE_CODE = YES;
				CLANG_WARN__DUPLICATE_METHOD_MATCH = YES;
				CODE_SIGN_IDENTITY = "iPhone Developer";
				COPY_PHASE_STRIP = NO;
				DEBUG_INFORMATION_FORMAT = dwarf;
				ENABLE_STRICT_OBJC_MSGSEND = YES;
				ENABLE_TESTABILITY = YES;
				GCC_C_LANGUAGE_STANDARD = gnu11;
				GCC_DYNAMIC_NO_PIC = NO;
				GCC_NO_COMMON_BLOCKS = YES;
				GCC_OPTIMIZATION_LEVEL = 0;
				GCC_PREPROCESSOR_DEFINITIONS = (
					"DEBUG=1",
					"$(inherited)",
				);
				GCC_WARN_64_TO_32_BIT_CONVERSION = YES;
				GCC_WARN_ABOUT_RETURN_TYPE = YES_ERROR;
				GCC_WARN_UNDECLARED_SELECTOR = YES;
				GCC_WARN_UNINITIALIZED_AUTOS = YES_AGGRESSIVE;
				GCC_WARN_UNUSED_FUNCTION = YES;
				GCC_WARN_UNUSED_VARIABLE = YES;
				IPHONEOS_DEPLOYMENT_TARGET = 12.0;
				MTL_ENABLE_DEBUG_INFO = INCLUDE_SOURCE;
				MTL_FAST_MATH = YES;
				ONLY_ACTIVE_ARCH = YES;
				SDKROOT = iphoneos;
				SWIFT_ACTIVE_COMPILATION_CONDITIONS = DEBUG;
				SWIFT_OPTIMIZATION_LEVEL = "-Onone";
			};
			name = Debug;
		};
		3B22ED3C215DCF7A00075AFE /* Release */ = {
			isa = XCBuildConfiguration;
			buildSettings = {
				ALWAYS_SEARCH_USER_PATHS = NO;
				CLANG_ANALYZER_NONNULL = YES;
				CLANG_ANALYZER_NUMBER_OBJECT_CONVERSION = YES_AGGRESSIVE;
				CLANG_CXX_LANGUAGE_STANDARD = "gnu++14";
				CLANG_CXX_LIBRARY = "libc++";
				CLANG_ENABLE_MODULES = YES;
				CLANG_ENABLE_OBJC_ARC = YES;
				CLANG_ENABLE_OBJC_WEAK = YES;
				CLANG_WARN_BLOCK_CAPTURE_AUTORELEASING = YES;
				CLANG_WARN_BOOL_CONVERSION = YES;
				CLANG_WARN_COMMA = YES;
				CLANG_WARN_CONSTANT_CONVERSION = YES;
				CLANG_WARN_DEPRECATED_OBJC_IMPLEMENTATIONS = YES;
				CLANG_WARN_DIRECT_OBJC_ISA_USAGE = YES_ERROR;
				CLANG_WARN_DOCUMENTATION_COMMENTS = YES;
				CLANG_WARN_EMPTY_BODY = YES;
				CLANG_WARN_ENUM_CONVERSION = YES;
				CLANG_WARN_INFINITE_RECURSION = YES;
				CLANG_WARN_INT_CONVERSION = YES;
				CLANG_WARN_NON_LITERAL_NULL_CONVERSION = YES;
				CLANG_WARN_OBJC_IMPLICIT_RETAIN_SELF = YES;
				CLANG_WARN_OBJC_LITERAL_CONVERSION = YES;
				CLANG_WARN_OBJC_ROOT_CLASS = YES_ERROR;
				CLANG_WARN_RANGE_LOOP_ANALYSIS = YES;
				CLANG_WARN_STRICT_PROTOTYPES = YES;
				CLANG_WARN_SUSPICIOUS_MOVE = YES;
				CLANG_WARN_UNGUARDED_AVAILABILITY = YES_AGGRESSIVE;
				CLANG_WARN_UNREACHABLE_CODE = YES;
				CLANG_WARN__DUPLICATE_METHOD_MATCH = YES;
				CODE_SIGN_IDENTITY = "iPhone Developer";
				COPY_PHASE_STRIP = NO;
				DEBUG_INFORMATION_FORMAT = "dwarf-with-dsym";
				ENABLE_NS_ASSERTIONS = NO;
				ENABLE_STRICT_OBJC_MSGSEND = YES;
				GCC_C_LANGUAGE_STANDARD = gnu11;
				GCC_NO_COMMON_BLOCKS = YES;
				GCC_WARN_64_TO_32_BIT_CONVERSION = YES;
				GCC_WARN_ABOUT_RETURN_TYPE = YES_ERROR;
				GCC_WARN_UNDECLARED_SELECTOR = YES;
				GCC_WARN_UNINITIALIZED_AUTOS = YES_AGGRESSIVE;
				GCC_WARN_UNUSED_FUNCTION = YES;
				GCC_WARN_UNUSED_VARIABLE = YES;
				IPHONEOS_DEPLOYMENT_TARGET = 12.0;
				MTL_ENABLE_DEBUG_INFO = NO;
				MTL_FAST_MATH = YES;
				SDKROOT = iphoneos;
				SWIFT_COMPILATION_MODE = wholemodule;
				SWIFT_OPTIMIZATION_LEVEL = "-O";
				VALIDATE_PRODUCT = YES;
			};
			name = Release;
		};
		3B22ED3E215DCF7A00075AFE /* Debug */ = {
			isa = XCBuildConfiguration;
			buildSettings = {
				ASSETCATALOG_COMPILER_APPICON_NAME = AppIcon;
				CODE_SIGN_STYLE = Automatic;
				DEVELOPMENT_TEAM = S6734F2JTX;
				INFOPLIST_FILE = assignmentthree/Info.plist;
				IPHONEOS_DEPLOYMENT_TARGET = 11.4;
				LD_RUNPATH_SEARCH_PATHS = (
					"$(inherited)",
					"@executable_path/Frameworks",
				);
				PRODUCT_BUNDLE_IDENTIFIER = "smz1994118-icloud.com";
				PRODUCT_NAME = "$(TARGET_NAME)";
				SWIFT_VERSION = 4.2;
				TARGETED_DEVICE_FAMILY = 1;
			};
			name = Debug;
		};
		3B22ED3F215DCF7A00075AFE /* Release */ = {
			isa = XCBuildConfiguration;
			buildSettings = {
				ASSETCATALOG_COMPILER_APPICON_NAME = AppIcon;
				CODE_SIGN_STYLE = Automatic;
				DEVELOPMENT_TEAM = S6734F2JTX;
				INFOPLIST_FILE = assignmentthree/Info.plist;
				IPHONEOS_DEPLOYMENT_TARGET = 11.4;
				LD_RUNPATH_SEARCH_PATHS = (
					"$(inherited)",
					"@executable_path/Frameworks",
				);
				PRODUCT_BUNDLE_IDENTIFIER = "smz1994118-icloud.com";
				PRODUCT_NAME = "$(TARGET_NAME)";
				SWIFT_VERSION = 4.2;
				TARGETED_DEVICE_FAMILY = 1;
			};
			name = Release;
		};
/* End XCBuildConfiguration section */

/* Begin XCConfigurationList section */
		3B22ED26215DCF7900075AFE /* Build configuration list for PBXProject "assignmentthree" */ = {
			isa = XCConfigurationList;
			buildConfigurations = (
				3B22ED3B215DCF7A00075AFE /* Debug */,
				3B22ED3C215DCF7A00075AFE /* Release */,
			);
			defaultConfigurationIsVisible = 0;
			defaultConfigurationName = Release;
		};
		3B22ED3D215DCF7A00075AFE /* Build configuration list for PBXNativeTarget "assignmentthree" */ = {
			isa = XCConfigurationList;
			buildConfigurations = (
				3B22ED3E215DCF7A00075AFE /* Debug */,
				3B22ED3F215DCF7A00075AFE /* Release */,
			);
			defaultConfigurationIsVisible = 0;
			defaultConfigurationName = Release;
		};
/* End XCConfigurationList section */
	};
	rootObject = 3B22ED23215DCF7900075AFE /* Project object */;
}
